
Microsoft Visual Studio Solution File, Format Version 12.00
# Visual Studio Version 17
VisualStudioVersion = 17.9.34902.65
MinimumVisualStudioVersion = 10.0.40219.1
Project("{9A19103F-16F7-4668-BE54-9A1E7A4F7556}") = "SuggestionAppUI", "SuggestionAppUI\SuggestionAppUI.csproj", "{A018F32E-44B3-41B5-BBC3-4962968CDADE}"
EndProject
Project("{9A19103F-16F7-4668-BE54-9A1E7A4F7556}") = "SuggestionAppLibrary", "SuggestionAppLibrary\SuggestionAppLibrary.csproj", "{31969AE6-EF92-43E7-B216-F6494CD262EA}"
EndProject
Project("{2150E333-8FDC-42A3-9474-1A3956D46DE8}") = "Solution Items", "Solution Items", "{B2D5472E-0E6C-4F80-8B0C-425A80A64C8A}"
	ProjectSection(SolutionItems) = preProject
		.editorconfig = .editorconfig
	EndProjectSection
EndProject
Global
	GlobalSection(SolutionConfigurationPlatforms) = preSolution
		Debug|Any CPU = Debug|Any CPU
		Release|Any CPU = Release|Any CPU
	EndGlobalSection
	GlobalSection(ProjectConfigurationPlatforms) = postSolution
		{A018F32E-44B3-41B5-BBC3-4962968CDADE}.Debug|Any CPU.ActiveCfg = Debug|Any CPU
		{A018F32E-44B3-41B5-BBC3-4962968CDADE}.Debug|Any CPU.Build.0 = Debug|Any CPU
		{A018F32E-44B3-41B5-BBC3-4962968CDADE}.Release|Any CPU.ActiveCfg = Release|Any CPU
		{A018F32E-44B3-41B5-BBC3-4962968CDADE}.Release|Any CPU.Build.0 = Release|Any CPU
		{31969AE6-EF92-43E7-B216-F6494CD262EA}.Debug|Any CPU.ActiveCfg = Debug|Any CPU
		{31969AE6-EF92-43E7-B216-F6494CD262EA}.Debug|Any CPU.Build.0 = Debug|Any CPU
		{31969AE6-EF92-43E7-B216-F6494CD262EA}.Release|Any CPU.ActiveCfg = Release|Any CPU
		{31969AE6-EF92-43E7-B216-F6494CD262EA}.Release|Any CPU.Build.0 = Release|Any CPU
	EndGlobalSection
	GlobalSection(SolutionProperties) = preSolution
		HideSolutionNode = FALSE
	EndGlobalSection
	GlobalSection(ExtensibilityGlobals) = postSolution
		SolutionGuid = {77CF5C86-875B-4622-9D5F-CEE16928B0EA}
	EndGlobalSection
EndGlobal
